[root]
name = "colortty"
version = "0.1.0"
dependencies = [
 "RustyXML 0.1.1 (registry+https://github.com/rust-lang/crates.io-index)",
 "getopts 0.2.14 (registry+https://github.com/rust-lang/crates.io-index)",
]

[[package]]
name = "RustyXML"
version = "0.1.1"
source = "registry+https://github.com/rust-lang/crates.io-index"

[[package]]
name = "getopts"
version = "0.2.14"
source = "registry+https://github.com/rust-lang/crates.io-index"

[metadata]
"checksum RustyXML 0.1.1 (registry+https://github.com/rust-lang/crates.io-index)" = "9222d58bccd9e6e3b82098a2ec142ad34e5d433de986d46cec03ad3a2b5fd529"
"checksum getopts 0.2.14 (registry+https://github.com/rust-lang/crates.io-index)" = "d9047cfbd08a437050b363d35ef160452c5fe8ea5187ae0a624708c91581d685"
